
Microsoft Visual Studio Solution File, Format Version 12.00
# Visual Studio Version 16
VisualStudioVersion = 16.0.32901.82
MinimumVisualStudioVersion = 10.0.40219.1
Project("{2150E333-8FDC-42A3-9474-1A3956D46DE8}") = "Services", "Services", "{860D5958-A50F-416D-9BC8-8D464ECD91A7}"
EndProject
Project("{2150E333-8FDC-42A3-9474-1A3956D46DE8}") = "Catalog", "Catalog", "{461EBDAD-421C-43A3-9FD8-050DA0C84BA8}"
EndProject
Project("{9A19103F-16F7-4668-BE54-9A1E7A4F7556}") = "Catalog.API", "Services\Catalog\Catalog.API\Catalog.API.csproj", "{5CE4414D-005A-47CB-A591-7385E2969F1D}"
EndProject
Project("{E53339B2-1760-4266-BCC7-CA923CBCF16C}") = "docker-compose", "docker-compose.dcproj", "{F61762E0-50C1-4411-96E4-6903795AD688}"
EndProject
Project("{2150E333-8FDC-42A3-9474-1A3956D46DE8}") = "Basket", "Basket", "{D1852B0C-4DF5-46E2-A6D7-B8757E06F665}"
EndProject
Project("{9A19103F-16F7-4668-BE54-9A1E7A4F7556}") = "Basket.API", "Services\Basket\Basket.API\Basket.API.csproj", "{982CD40E-E4F8-43B2-82C4-7F6690760480}"
EndProject
Project("{2150E333-8FDC-42A3-9474-1A3956D46DE8}") = "Discount", "Discount", "{29CAB280-8036-49AD-9783-6DAF04A0538F}"
EndProject
Project("{9A19103F-16F7-4668-BE54-9A1E7A4F7556}") = "Discount.API", "Services\Discount\Discount.API\Discount.API.csproj", "{2A8FD78F-C336-435A-A88F-B7E9989A8C60}"
EndProject
Project("{9A19103F-16F7-4668-BE54-9A1E7A4F7556}") = "Discount.Grpc", "Services\Discount\Discount.Grpc\Discount.Grpc.csproj", "{D774C5CF-27F2-49C2-9EC5-7CBA8AC73882}"
EndProject
Project("{2150E333-8FDC-42A3-9474-1A3956D46DE8}") = "Ordering", "Ordering", "{F3E8406A-6D8D-4C2E-BE97-05B7BE1B020C}"
EndProject
Project("{FAE04EC0-301F-11D3-BF4B-00C04F79EFBC}") = "Ordering.API", "Services\Ordering\Ordering.API\Ordering.API.csproj", "{65BE1FF0-616A-490B-8AA0-91B819057333}"
EndProject
Global
	GlobalSection(SolutionConfigurationPlatforms) = preSolution
		Debug|Any CPU = Debug|Any CPU
		Release|Any CPU = Release|Any CPU
	EndGlobalSection
	GlobalSection(ProjectConfigurationPlatforms) = postSolution
		{5CE4414D-005A-47CB-A591-7385E2969F1D}.Debug|Any CPU.ActiveCfg = Debug|Any CPU
		{5CE4414D-005A-47CB-A591-7385E2969F1D}.Debug|Any CPU.Build.0 = Debug|Any CPU
		{5CE4414D-005A-47CB-A591-7385E2969F1D}.Release|Any CPU.ActiveCfg = Release|Any CPU
		{5CE4414D-005A-47CB-A591-7385E2969F1D}.Release|Any CPU.Build.0 = Release|Any CPU
		{F61762E0-50C1-4411-96E4-6903795AD688}.Debug|Any CPU.ActiveCfg = Debug|Any CPU
		{F61762E0-50C1-4411-96E4-6903795AD688}.Debug|Any CPU.Build.0 = Debug|Any CPU
		{F61762E0-50C1-4411-96E4-6903795AD688}.Release|Any CPU.ActiveCfg = Release|Any CPU
		{F61762E0-50C1-4411-96E4-6903795AD688}.Release|Any CPU.Build.0 = Release|Any CPU
		{982CD40E-E4F8-43B2-82C4-7F6690760480}.Debug|Any CPU.ActiveCfg = Debug|Any CPU
		{982CD40E-E4F8-43B2-82C4-7F6690760480}.Debug|Any CPU.Build.0 = Debug|Any CPU
		{982CD40E-E4F8-43B2-82C4-7F6690760480}.Release|Any CPU.ActiveCfg = Release|Any CPU
		{982CD40E-E4F8-43B2-82C4-7F6690760480}.Release|Any CPU.Build.0 = Release|Any CPU
		{2A8FD78F-C336-435A-A88F-B7E9989A8C60}.Debug|Any CPU.ActiveCfg = Debug|Any CPU
		{2A8FD78F-C336-435A-A88F-B7E9989A8C60}.Debug|Any CPU.Build.0 = Debug|Any CPU
		{2A8FD78F-C336-435A-A88F-B7E9989A8C60}.Release|Any CPU.ActiveCfg = Release|Any CPU
		{2A8FD78F-C336-435A-A88F-B7E9989A8C60}.Release|Any CPU.Build.0 = Release|Any CPU
		{D774C5CF-27F2-49C2-9EC5-7CBA8AC73882}.Debug|Any CPU.ActiveCfg = Debug|Any CPU
		{D774C5CF-27F2-49C2-9EC5-7CBA8AC73882}.Debug|Any CPU.Build.0 = Debug|Any CPU
		{D774C5CF-27F2-49C2-9EC5-7CBA8AC73882}.Release|Any CPU.ActiveCfg = Release|Any CPU
		{D774C5CF-27F2-49C2-9EC5-7CBA8AC73882}.Release|Any CPU.Build.0 = Release|Any CPU
		{65BE1FF0-616A-490B-8AA0-91B819057333}.Debug|Any CPU.ActiveCfg = Debug|Any CPU
		{65BE1FF0-616A-490B-8AA0-91B819057333}.Debug|Any CPU.Build.0 = Debug|Any CPU
		{65BE1FF0-616A-490B-8AA0-91B819057333}.Release|Any CPU.ActiveCfg = Release|Any CPU
		{65BE1FF0-616A-490B-8AA0-91B819057333}.Release|Any CPU.Build.0 = Release|Any CPU
	EndGlobalSection
	GlobalSection(SolutionProperties) = preSolution
		HideSolutionNode = FALSE
	EndGlobalSection
	GlobalSection(NestedProjects) = preSolution
		{461EBDAD-421C-43A3-9FD8-050DA0C84BA8} = {860D5958-A50F-416D-9BC8-8D464ECD91A7}
		{5CE4414D-005A-47CB-A591-7385E2969F1D} = {461EBDAD-421C-43A3-9FD8-050DA0C84BA8}
		{D1852B0C-4DF5-46E2-A6D7-B8757E06F665} = {860D5958-A50F-416D-9BC8-8D464ECD91A7}
		{982CD40E-E4F8-43B2-82C4-7F6690760480} = {D1852B0C-4DF5-46E2-A6D7-B8757E06F665}
		{29CAB280-8036-49AD-9783-6DAF04A0538F} = {860D5958-A50F-416D-9BC8-8D464ECD91A7}
		{2A8FD78F-C336-435A-A88F-B7E9989A8C60} = {29CAB280-8036-49AD-9783-6DAF04A0538F}
		{D774C5CF-27F2-49C2-9EC5-7CBA8AC73882} = {29CAB280-8036-49AD-9783-6DAF04A0538F}
		{F3E8406A-6D8D-4C2E-BE97-05B7BE1B020C} = {860D5958-A50F-416D-9BC8-8D464ECD91A7}
		{65BE1FF0-616A-490B-8AA0-91B819057333} = {F3E8406A-6D8D-4C2E-BE97-05B7BE1B020C}
	EndGlobalSection
	GlobalSection(ExtensibilityGlobals) = postSolution
		SolutionGuid = {F6CA5C5C-BC32-406A-87D0-020B0060A49D}
	EndGlobalSection
EndGlobal
